
Microsoft Visual Studio Solution File, Format Version 12.00
# Visual Studio Version 17
VisualStudioVersion = 17.14.36127.28 d17.14
MinimumVisualStudioVersion = 10.0.40219.1
Project("{FAE04EC0-301F-11D3-BF4B-00C04F79EFBC}") = "entityframework4.7.2", "entityframework4.7.2.csproj", "{A45866A8-A5ED-4E2F-9E64-2A6C596CB88C}"
EndProject
Global
	GlobalSection(SolutionConfigurationPlatforms) = preSolution
		Debug|Any CPU = Debug|Any CPU
		Release|Any CPU = Release|Any CPU
	EndGlobalSection
	GlobalSection(ProjectConfigurationPlatforms) = postSolution
		{A45866A8-A5ED-4E2F-9E64-2A6C596CB88C}.Debug|Any CPU.ActiveCfg = Debug|Any CPU
		{A45866A8-A5ED-4E2F-9E64-2A6C596CB88C}.Debug|Any CPU.Build.0 = Debug|Any CPU
		{A45866A8-A5ED-4E2F-9E64-2A6C596CB88C}.Release|Any CPU.ActiveCfg = Release|Any CPU
		{A45866A8-A5ED-4E2F-9E64-2A6C596CB88C}.Release|Any CPU.Build.0 = Release|Any CPU
	EndGlobalSection
	GlobalSection(SolutionProperties) = preSolution
		HideSolutionNode = FALSE
	EndGlobalSection
	GlobalSection(ExtensibilityGlobals) = postSolution
		SolutionGuid = {6B0EAC66-7C77-4D73-B2E0-F2E4A7DB156E}
	EndGlobalSection
EndGlobal
